
Microsoft Visual Studio Solution File, Format Version 12.00
# Visual Studio Version 17
VisualStudioVersion = 17.10.34916.146
MinimumVisualStudioVersion = 10.0.40219.1
Project("{FAE04EC0-301F-11D3-BF4B-00C04F79EFBC}") = "water_task", "water_task\water_task.csproj", "{231A8774-92C2-4216-8784-3C3287E3115F}"
EndProject
Global
	GlobalSection(SolutionConfigurationPlatforms) = preSolution
		Debug|Any CPU = Debug|Any CPU
		Release|Any CPU = Release|Any CPU
	EndGlobalSection
	GlobalSection(ProjectConfigurationPlatforms) = postSolution
		{231A8774-92C2-4216-8784-3C3287E3115F}.Debug|Any CPU.ActiveCfg = Debug|Any CPU
		{231A8774-92C2-4216-8784-3C3287E3115F}.Debug|Any CPU.Build.0 = Debug|Any CPU
		{231A8774-92C2-4216-8784-3C3287E3115F}.Release|Any CPU.ActiveCfg = Release|Any CPU
		{231A8774-92C2-4216-8784-3C3287E3115F}.Release|Any CPU.Build.0 = Release|Any CPU
	EndGlobalSection
	GlobalSection(SolutionProperties) = preSolution
		HideSolutionNode = FALSE
	EndGlobalSection
	GlobalSection(ExtensibilityGlobals) = postSolution
		SolutionGuid = {1E2D5F5C-1839-4F3A-BD5A-B313418A6459}
	EndGlobalSection
EndGlobal
