
Microsoft Visual Studio Solution File, Format Version 12.00
# Visual Studio Version 17
VisualStudioVersion = 17.10.34916.146
MinimumVisualStudioVersion = 10.0.40219.1
Project("{FAE04EC0-301F-11D3-BF4B-00C04F79EFBC}") = "ScreenShot", "ScreenShot\ScreenShot.csproj", "{393889FF-D24E-40F2-A8D5-6D5F34919FC5}"
EndProject
Project("{FAE04EC0-301F-11D3-BF4B-00C04F79EFBC}") = "Client", "Client\Client.csproj", "{D90DA4BC-13C3-4ADA-8A63-98C50B07B329}"
EndProject
Global
	GlobalSection(SolutionConfigurationPlatforms) = preSolution
		Debug|Any CPU = Debug|Any CPU
		Release|Any CPU = Release|Any CPU
	EndGlobalSection
	GlobalSection(ProjectConfigurationPlatforms) = postSolution
		{393889FF-D24E-40F2-A8D5-6D5F34919FC5}.Debug|Any CPU.ActiveCfg = Debug|Any CPU
		{393889FF-D24E-40F2-A8D5-6D5F34919FC5}.Debug|Any CPU.Build.0 = Debug|Any CPU
		{393889FF-D24E-40F2-A8D5-6D5F34919FC5}.Release|Any CPU.ActiveCfg = Release|Any CPU
		{393889FF-D24E-40F2-A8D5-6D5F34919FC5}.Release|Any CPU.Build.0 = Release|Any CPU
		{D90DA4BC-13C3-4ADA-8A63-98C50B07B329}.Debug|Any CPU.ActiveCfg = Debug|Any CPU
		{D90DA4BC-13C3-4ADA-8A63-98C50B07B329}.Debug|Any CPU.Build.0 = Debug|Any CPU
		{D90DA4BC-13C3-4ADA-8A63-98C50B07B329}.Release|Any CPU.ActiveCfg = Release|Any CPU
		{D90DA4BC-13C3-4ADA-8A63-98C50B07B329}.Release|Any CPU.Build.0 = Release|Any CPU
	EndGlobalSection
	GlobalSection(SolutionProperties) = preSolution
		HideSolutionNode = FALSE
	EndGlobalSection
	GlobalSection(ExtensibilityGlobals) = postSolution
		SolutionGuid = {680EBDF9-A827-45A9-95FD-3E937A745A2A}
	EndGlobalSection
EndGlobal
