
Microsoft Visual Studio Solution File, Format Version 12.00
# Visual Studio Version 17
VisualStudioVersion = 17.10.34916.146
MinimumVisualStudioVersion = 10.0.40219.1
Project("{FAE04EC0-301F-11D3-BF4B-00C04F79EFBC}") = "ConsoleApp1", "ConsoleApp1\ConsoleApp1.csproj", "{C896F518-88BB-480F-B30C-DD87D23FFBCF}"
EndProject
Project("{FAE04EC0-301F-11D3-BF4B-00C04F79EFBC}") = "Server", "Server\Server.csproj", "{56FE82C8-AC1E-4D7E-AAF6-0663CE27FF00}"
EndProject
Global
	GlobalSection(SolutionConfigurationPlatforms) = preSolution
		Debug|Any CPU = Debug|Any CPU
		Release|Any CPU = Release|Any CPU
	EndGlobalSection
	GlobalSection(ProjectConfigurationPlatforms) = postSolution
		{C896F518-88BB-480F-B30C-DD87D23FFBCF}.Debug|Any CPU.ActiveCfg = Debug|Any CPU
		{C896F518-88BB-480F-B30C-DD87D23FFBCF}.Debug|Any CPU.Build.0 = Debug|Any CPU
		{C896F518-88BB-480F-B30C-DD87D23FFBCF}.Release|Any CPU.ActiveCfg = Release|Any CPU
		{C896F518-88BB-480F-B30C-DD87D23FFBCF}.Release|Any CPU.Build.0 = Release|Any CPU
		{56FE82C8-AC1E-4D7E-AAF6-0663CE27FF00}.Debug|Any CPU.ActiveCfg = Debug|Any CPU
		{56FE82C8-AC1E-4D7E-AAF6-0663CE27FF00}.Debug|Any CPU.Build.0 = Debug|Any CPU
		{56FE82C8-AC1E-4D7E-AAF6-0663CE27FF00}.Release|Any CPU.ActiveCfg = Release|Any CPU
		{56FE82C8-AC1E-4D7E-AAF6-0663CE27FF00}.Release|Any CPU.Build.0 = Release|Any CPU
	EndGlobalSection
	GlobalSection(SolutionProperties) = preSolution
		HideSolutionNode = FALSE
	EndGlobalSection
	GlobalSection(ExtensibilityGlobals) = postSolution
		SolutionGuid = {089E085C-53F5-4FB9-A1A9-FFAB6C5A067B}
	EndGlobalSection
EndGlobal
